
Microsoft Visual Studio Solution File, Format Version 12.00
# Visual Studio Version 16
VisualStudioVersion = 16.0.33801.447
MinimumVisualStudioVersion = 10.0.40219.1
Project("{FAE04EC0-301F-11D3-BF4B-00C04F79EFBC}") = "Reflection", "Reflection\Reflection.csproj", "{FFD39350-8F06-4207-A7E3-712EA23F2A6E}"
EndProject
Global
	GlobalSection(SolutionConfigurationPlatforms) = preSolution
		Debug|Any CPU = Debug|Any CPU
		Release|Any CPU = Release|Any CPU
	EndGlobalSection
	GlobalSection(ProjectConfigurationPlatforms) = postSolution
		{FFD39350-8F06-4207-A7E3-712EA23F2A6E}.Debug|Any CPU.ActiveCfg = Debug|Any CPU
		{FFD39350-8F06-4207-A7E3-712EA23F2A6E}.Debug|Any CPU.Build.0 = Debug|Any CPU
		{FFD39350-8F06-4207-A7E3-712EA23F2A6E}.Release|Any CPU.ActiveCfg = Release|Any CPU
		{FFD39350-8F06-4207-A7E3-712EA23F2A6E}.Release|Any CPU.Build.0 = Release|Any CPU
	EndGlobalSection
	GlobalSection(SolutionProperties) = preSolution
		HideSolutionNode = FALSE
	EndGlobalSection
	GlobalSection(ExtensibilityGlobals) = postSolution
		SolutionGuid = {1C298669-19C7-47CE-9161-54CA7E8D9241}
	EndGlobalSection
EndGlobal
